
Microsoft Visual Studio Solution File, Format Version 12.00
# Visual Studio 15
VisualStudioVersion = 15.0.27130.2010
MinimumVisualStudioVersion = 10.0.40219.1
Project("{FAE04EC0-301F-11D3-BF4B-00C04F79EFBC}") = "SportsStore.WebUI", "SportsStore.WebUI\SportsStore.WebUI.csproj", "{9BC802BA-A497-4C5C-83FC-220F6832BBFC}"
EndProject
Project("{FAE04EC0-301F-11D3-BF4B-00C04F79EFBC}") = "SportsStore.Domain", "SportsStore.Domain\SportsStore.Domain.csproj", "{0F5C7A03-3005-46F9-B55C-6EDAD323C36A}"
EndProject
Project("{FAE04EC0-301F-11D3-BF4B-00C04F79EFBC}") = "SportsStore.UnitTests", "SportsStore.UnitTests\SportsStore.UnitTests.csproj", "{0567FFB7-A71A-45A4-9FD7-06B9FB08039F}"
EndProject
Global
	GlobalSection(Performance) = preSolution
		HasPerformanceSessions = true
	EndGlobalSection
	GlobalSection(SolutionConfigurationPlatforms) = preSolution
		Debug|Any CPU = Debug|Any CPU
		Release|Any CPU = Release|Any CPU
	EndGlobalSection
	GlobalSection(ProjectConfigurationPlatforms) = postSolution
		{9BC802BA-A497-4C5C-83FC-220F6832BBFC}.Debug|Any CPU.ActiveCfg = Debug|Any CPU
		{9BC802BA-A497-4C5C-83FC-220F6832BBFC}.Debug|Any CPU.Build.0 = Debug|Any CPU
		{9BC802BA-A497-4C5C-83FC-220F6832BBFC}.Release|Any CPU.ActiveCfg = Release|Any CPU
		{9BC802BA-A497-4C5C-83FC-220F6832BBFC}.Release|Any CPU.Build.0 = Release|Any CPU
		{0F5C7A03-3005-46F9-B55C-6EDAD323C36A}.Debug|Any CPU.ActiveCfg = Debug|Any CPU
		{0F5C7A03-3005-46F9-B55C-6EDAD323C36A}.Debug|Any CPU.Build.0 = Debug|Any CPU
		{0F5C7A03-3005-46F9-B55C-6EDAD323C36A}.Release|Any CPU.ActiveCfg = Release|Any CPU
		{0F5C7A03-3005-46F9-B55C-6EDAD323C36A}.Release|Any CPU.Build.0 = Release|Any CPU
		{0567FFB7-A71A-45A4-9FD7-06B9FB08039F}.Debug|Any CPU.ActiveCfg = Debug|Any CPU
		{0567FFB7-A71A-45A4-9FD7-06B9FB08039F}.Debug|Any CPU.Build.0 = Debug|Any CPU
		{0567FFB7-A71A-45A4-9FD7-06B9FB08039F}.Release|Any CPU.ActiveCfg = Release|Any CPU
		{0567FFB7-A71A-45A4-9FD7-06B9FB08039F}.Release|Any CPU.Build.0 = Release|Any CPU
	EndGlobalSection
	GlobalSection(SolutionProperties) = preSolution
		HideSolutionNode = FALSE
	EndGlobalSection
	GlobalSection(ExtensibilityGlobals) = postSolution
		SolutionGuid = {BB74F715-25D2-4B36-B1AF-411F7E453206}
	EndGlobalSection
EndGlobal
